Microsoft Visual Studio Solution File, Format Version 12.00
# Visual Studio Version 17
VisualStudioVersion = 17.0.31903.59
MinimumVisualStudioVersion = 10.0.40219.1
Project("{2150E333-8FDC-42A3-9474-1A3956D46DE8}") = "src", "src", "{059265B1-88F1-4D45-A8D0-554AA91772A1}"
EndProject
Project("{FAE04EC0-301F-11D3-BF4B-00C04F79EFBC}") = "Order.AppHost", "src\Order.AppHost\Order.AppHost.csproj", "{B849002D-A6E8-46FE-BD69-3AC28FA8ABB0}"
EndProject
Project("{FAE04EC0-301F-11D3-BF4B-00C04F79EFBC}") = "Order.ServiceDefaults", "src\Order.ServiceDefaults\Order.ServiceDefaults.csproj", "{768E05F3-A470-4650-8302-24127AE2B596}"
EndProject
Global
	GlobalSection(SolutionConfigurationPlatforms) = preSolution
		Debug|Any CPU = Debug|Any CPU
		Release|Any CPU = Release|Any CPU
	EndGlobalSection
	GlobalSection(SolutionProperties) = preSolution
		HideSolutionNode = FALSE
	EndGlobalSection
	GlobalSection(ProjectConfigurationPlatforms) = postSolution
		{B849002D-A6E8-46FE-BD69-3AC28FA8ABB0}.Debug|Any CPU.ActiveCfg = Debug|Any CPU
		{B849002D-A6E8-46FE-BD69-3AC28FA8ABB0}.Debug|Any CPU.Build.0 = Debug|Any CPU
		{B849002D-A6E8-46FE-BD69-3AC28FA8ABB0}.Release|Any CPU.ActiveCfg = Release|Any CPU
		{B849002D-A6E8-46FE-BD69-3AC28FA8ABB0}.Release|Any CPU.Build.0 = Release|Any CPU
		{768E05F3-A470-4650-8302-24127AE2B596}.Debug|Any CPU.ActiveCfg = Debug|Any CPU
		{768E05F3-A470-4650-8302-24127AE2B596}.Debug|Any CPU.Build.0 = Debug|Any CPU
		{768E05F3-A470-4650-8302-24127AE2B596}.Release|Any CPU.ActiveCfg = Release|Any CPU
		{768E05F3-A470-4650-8302-24127AE2B596}.Release|Any CPU.Build.0 = Release|Any CPU
	EndGlobalSection
	GlobalSection(NestedProjects) = preSolution
		{B849002D-A6E8-46FE-BD69-3AC28FA8ABB0} = {059265B1-88F1-4D45-A8D0-554AA91772A1}
		{768E05F3-A470-4650-8302-24127AE2B596} = {059265B1-88F1-4D45-A8D0-554AA91772A1}
	EndGlobalSection
EndGlobal
